
Microsoft Visual Studio Solution File, Format Version 12.00
# Visual Studio Version 17
VisualStudioVersion = 17.11.35222.181
MinimumVisualStudioVersion = 10.0.40219.1
Project("{9A19103F-16F7-4668-BE54-9A1E7A4F7556}") = "Edenmao.Core", "Edenmao.Core\Edenmao.Core.csproj", "{B6446899-7F47-4266-B584-536ED3C72B4F}"
	ProjectSection(ProjectDependencies) = postProject
		{944BBAAB-92F5-405E-9CA9-021EF178B1A8} = {944BBAAB-92F5-405E-9CA9-021EF178B1A8}
	EndProjectSection
EndProject
Project("{9A19103F-16F7-4668-BE54-9A1E7A4F7556}") = "Edenmao.Domain", "Edenmao.Domain\Edenmao.Domain.csproj", "{944BBAAB-92F5-405E-9CA9-021EF178B1A8}"
EndProject
Project("{9A19103F-16F7-4668-BE54-9A1E7A4F7556}") = "Edenmao.Infrastructure", "Edenmao.Infrastructure\Edenmao.Infrastructure.csproj", "{3E46D173-7223-4CEA-AFCA-06BDF7D80D6C}"
	ProjectSection(ProjectDependencies) = postProject
		{944BBAAB-92F5-405E-9CA9-021EF178B1A8} = {944BBAAB-92F5-405E-9CA9-021EF178B1A8}
		{B6446899-7F47-4266-B584-536ED3C72B4F} = {B6446899-7F47-4266-B584-536ED3C72B4F}
	EndProjectSection
EndProject
Project("{2150E333-8FDC-42A3-9474-1A3956D46DE8}") = "User Interface", "User Interface", "{B101020E-06C6-4D90-9C14-B9DB31BF3566}"
EndProject
Project("{2150E333-8FDC-42A3-9474-1A3956D46DE8}") = "API", "API", "{15915077-A367-48EB-9848-1CE665A34679}"
EndProject
Project("{9A19103F-16F7-4668-BE54-9A1E7A4F7556}") = "Edenmao.IU.WebAPI", "Edenmao.IU.WebAPI\Edenmao.IU.WebAPI.csproj", "{C23B72AE-D05E-430D-A3B8-1612AF3AF03B}"
	ProjectSection(ProjectDependencies) = postProject
		{3E46D173-7223-4CEA-AFCA-06BDF7D80D6C} = {3E46D173-7223-4CEA-AFCA-06BDF7D80D6C}
		{944BBAAB-92F5-405E-9CA9-021EF178B1A8} = {944BBAAB-92F5-405E-9CA9-021EF178B1A8}
		{B6446899-7F47-4266-B584-536ED3C72B4F} = {B6446899-7F47-4266-B584-536ED3C72B4F}
	EndProjectSection
EndProject
Project("{2150E333-8FDC-42A3-9474-1A3956D46DE8}") = "ApplicationCore", "ApplicationCore", "{32808C2E-E640-4BEF-85C5-1AD6B628934A}"
EndProject
Project("{2150E333-8FDC-42A3-9474-1A3956D46DE8}") = "Infrastructure", "Infrastructure", "{4B6D461E-4F0E-429F-BAD3-F13234A6C0BD}"
EndProject
Global
	GlobalSection(SolutionConfigurationPlatforms) = preSolution
		Debug|Any CPU = Debug|Any CPU
		Release|Any CPU = Release|Any CPU
	EndGlobalSection
	GlobalSection(ProjectConfigurationPlatforms) = postSolution
		{B6446899-7F47-4266-B584-536ED3C72B4F}.Debug|Any CPU.ActiveCfg = Debug|Any CPU
		{B6446899-7F47-4266-B584-536ED3C72B4F}.Debug|Any CPU.Build.0 = Debug|Any CPU
		{B6446899-7F47-4266-B584-536ED3C72B4F}.Release|Any CPU.ActiveCfg = Release|Any CPU
		{B6446899-7F47-4266-B584-536ED3C72B4F}.Release|Any CPU.Build.0 = Release|Any CPU
		{944BBAAB-92F5-405E-9CA9-021EF178B1A8}.Debug|Any CPU.ActiveCfg = Debug|Any CPU
		{944BBAAB-92F5-405E-9CA9-021EF178B1A8}.Debug|Any CPU.Build.0 = Debug|Any CPU
		{944BBAAB-92F5-405E-9CA9-021EF178B1A8}.Release|Any CPU.ActiveCfg = Release|Any CPU
		{944BBAAB-92F5-405E-9CA9-021EF178B1A8}.Release|Any CPU.Build.0 = Release|Any CPU
		{3E46D173-7223-4CEA-AFCA-06BDF7D80D6C}.Debug|Any CPU.ActiveCfg = Debug|Any CPU
		{3E46D173-7223-4CEA-AFCA-06BDF7D80D6C}.Debug|Any CPU.Build.0 = Debug|Any CPU
		{3E46D173-7223-4CEA-AFCA-06BDF7D80D6C}.Release|Any CPU.ActiveCfg = Release|Any CPU
		{3E46D173-7223-4CEA-AFCA-06BDF7D80D6C}.Release|Any CPU.Build.0 = Release|Any CPU
		{C23B72AE-D05E-430D-A3B8-1612AF3AF03B}.Debug|Any CPU.ActiveCfg = Debug|Any CPU
		{C23B72AE-D05E-430D-A3B8-1612AF3AF03B}.Debug|Any CPU.Build.0 = Debug|Any CPU
		{C23B72AE-D05E-430D-A3B8-1612AF3AF03B}.Release|Any CPU.ActiveCfg = Release|Any CPU
		{C23B72AE-D05E-430D-A3B8-1612AF3AF03B}.Release|Any CPU.Build.0 = Release|Any CPU
	EndGlobalSection
	GlobalSection(SolutionProperties) = preSolution
		HideSolutionNode = FALSE
	EndGlobalSection
	GlobalSection(NestedProjects) = preSolution
		{B6446899-7F47-4266-B584-536ED3C72B4F} = {32808C2E-E640-4BEF-85C5-1AD6B628934A}
		{944BBAAB-92F5-405E-9CA9-021EF178B1A8} = {32808C2E-E640-4BEF-85C5-1AD6B628934A}
		{3E46D173-7223-4CEA-AFCA-06BDF7D80D6C} = {4B6D461E-4F0E-429F-BAD3-F13234A6C0BD}
		{15915077-A367-48EB-9848-1CE665A34679} = {B101020E-06C6-4D90-9C14-B9DB31BF3566}
		{C23B72AE-D05E-430D-A3B8-1612AF3AF03B} = {15915077-A367-48EB-9848-1CE665A34679}
	EndGlobalSection
	GlobalSection(ExtensibilityGlobals) = postSolution
		SolutionGuid = {F8F79BB2-93C4-45DE-987A-77C7999A809D}
	EndGlobalSection
EndGlobal
